
Microsoft Visual Studio Solution File, Format Version 12.00
# Visual Studio Version 16
VisualStudioVersion = 16.0.32413.511
MinimumVisualStudioVersion = 10.0.40219.1
Project("{FAE04EC0-301F-11D3-BF4B-00C04F79EFBC}") = "PruebaEstudiante", "PruebaEstudiante\PruebaEstudiante.csproj", "{BE0A052F-B094-4079-9843-81D527E47109}"
EndProject
Project("{FAE04EC0-301F-11D3-BF4B-00C04F79EFBC}") = "Domain.Estudiante", "Domain.Estudiante\Domain.Estudiante.csproj", "{40195A29-6C5D-4E83-A88E-8494B7A099F7}"
EndProject
Global
	GlobalSection(SolutionConfigurationPlatforms) = preSolution
		Debug|Any CPU = Debug|Any CPU
		Release|Any CPU = Release|Any CPU
	EndGlobalSection
	GlobalSection(ProjectConfigurationPlatforms) = postSolution
		{BE0A052F-B094-4079-9843-81D527E47109}.Debug|Any CPU.ActiveCfg = Debug|Any CPU
		{BE0A052F-B094-4079-9843-81D527E47109}.Debug|Any CPU.Build.0 = Debug|Any CPU
		{BE0A052F-B094-4079-9843-81D527E47109}.Release|Any CPU.ActiveCfg = Release|Any CPU
		{BE0A052F-B094-4079-9843-81D527E47109}.Release|Any CPU.Build.0 = Release|Any CPU
		{40195A29-6C5D-4E83-A88E-8494B7A099F7}.Debug|Any CPU.ActiveCfg = Debug|Any CPU
		{40195A29-6C5D-4E83-A88E-8494B7A099F7}.Debug|Any CPU.Build.0 = Debug|Any CPU
		{40195A29-6C5D-4E83-A88E-8494B7A099F7}.Release|Any CPU.ActiveCfg = Release|Any CPU
		{40195A29-6C5D-4E83-A88E-8494B7A099F7}.Release|Any CPU.Build.0 = Release|Any CPU
	EndGlobalSection
	GlobalSection(SolutionProperties) = preSolution
		HideSolutionNode = FALSE
	EndGlobalSection
	GlobalSection(ExtensibilityGlobals) = postSolution
		SolutionGuid = {36984D0F-C6D2-4593-A69E-0B7A5D06856A}
	EndGlobalSection
EndGlobal
